
Microsoft Visual Studio Solution File, Format Version 12.00
# Visual Studio Version 16
VisualStudioVersion = 16.0.31402.337
MinimumVisualStudioVersion = 10.0.40219.1
Project("{D954291E-2A0B-460D-934E-DC6B0785DB48}") = "POSUNO.Shared", "POSUNO\POSUNO.Shared\POSUNO.Shared.shproj", "{6279C845-92F8-4333-AB99-3D213163593C}"
EndProject
Project("{2150E333-8FDC-42A3-9474-1A3956D46DE8}") = "Platforms", "Platforms", "{4E3A40EB-5147-4896-A9F9-1A9F18E99FDA}"
EndProject
Project("{FAE04EC0-301F-11D3-BF4B-00C04F79EFBC}") = "POSUNO.Droid", "POSUNO\POSUNO.Droid\POSUNO.Droid.csproj", "{0ECC5FD7-ECF5-4410-AE85-88758F677FD7}"
EndProject
Project("{FAE04EC0-301F-11D3-BF4B-00C04F79EFBC}") = "POSUNO.iOS", "POSUNO\POSUNO.iOS\POSUNO.iOS.csproj", "{316BF6A7-FA21-4402-8210-3536143D47B8}"
EndProject
Project("{FAE04EC0-301F-11D3-BF4B-00C04F79EFBC}") = "POSUNO.UWP", "POSUNO\POSUNO.UWP\POSUNO.UWP.csproj", "{C7B68565-7B71-4EC1-A5C3-B3E75DEF8362}"
EndProject
Project("{9A19103F-16F7-4668-BE54-9A1E7A4F7556}") = "POSUNO.Wasm", "POSUNO\POSUNO.Wasm\POSUNO.Wasm.csproj", "{FE070529-9156-40D0-95EE-BA7A6A818E18}"
EndProject
Project("{FAE04EC0-301F-11D3-BF4B-00C04F79EFBC}") = "POSUNO.macOS", "POSUNO\POSUNO.macOS\POSUNO.macOS.csproj", "{E430002C-56DA-467F-AF2F-D2D8C09D800C}"
EndProject
Project("{9A19103F-16F7-4668-BE54-9A1E7A4F7556}") = "POSUNO.Skia.Wpf.Host", "POSUNO\POSUNO.Skia.Wpf.Host\POSUNO.Skia.Wpf.Host.csproj", "{A6750083-952C-491C-A904-B6B5994DF36E}"
EndProject
Project("{9A19103F-16F7-4668-BE54-9A1E7A4F7556}") = "POSUNO.Skia.Wpf", "POSUNO\POSUNO.Skia.Wpf\POSUNO.Skia.Wpf.csproj", "{FCF40C1C-DEDF-4FAA-84AA-53D5DD06516F}"
EndProject
Project("{9A19103F-16F7-4668-BE54-9A1E7A4F7556}") = "POSUNO.Skia.Gtk", "POSUNO\POSUNO.Skia.Gtk\POSUNO.Skia.Gtk.csproj", "{67455B39-2CAD-44AE-85DC-CAAB7DB4F29F}"
EndProject
Project("{9A19103F-16F7-4668-BE54-9A1E7A4F7556}") = "POSUNO.Skia.Tizen", "POSUNO\POSUNO.Skia.Tizen\POSUNO.Skia.Tizen.csproj", "{4DF45BB1-230D-4FFC-9AF6-5086161B27D5}"
EndProject
Project("{FAE04EC0-301F-11D3-BF4B-00C04F79EFBC}") = "POSUNO.Api", "POSUNO.Api\POSUNO.Api.csproj", "{7D0F32E5-595A-42C6-89F4-B51BAE6EF9C8}"
EndProject
Global
	GlobalSection(SharedMSBuildProjectFiles) = preSolution
		POSUNO\POSUNO.Shared\POSUNO.Shared.projitems*{0ecc5fd7-ecf5-4410-ae85-88758f677fd7}*SharedItemsImports = 4
		POSUNO\POSUNO.Shared\POSUNO.Shared.projitems*{316bf6a7-fa21-4402-8210-3536143d47b8}*SharedItemsImports = 4
		POSUNO\POSUNO.Shared\POSUNO.Shared.projitems*{4df45bb1-230d-4ffc-9af6-5086161b27d5}*SharedItemsImports = 5
		POSUNO\POSUNO.Shared\POSUNO.Shared.projitems*{6279c845-92f8-4333-ab99-3d213163593c}*SharedItemsImports = 13
		POSUNO\POSUNO.Shared\POSUNO.Shared.projitems*{67455b39-2cad-44ae-85dc-caab7db4f29f}*SharedItemsImports = 5
		POSUNO\POSUNO.Shared\POSUNO.Shared.projitems*{c7b68565-7b71-4ec1-a5c3-b3e75def8362}*SharedItemsImports = 4
		POSUNO\POSUNO.Shared\POSUNO.Shared.projitems*{e430002c-56da-467f-af2f-d2d8c09d800c}*SharedItemsImports = 4
		POSUNO\POSUNO.Shared\POSUNO.Shared.projitems*{fcf40c1c-dedf-4faa-84aa-53d5dd06516f}*SharedItemsImports = 5
		POSUNO\POSUNO.Shared\POSUNO.Shared.projitems*{fe070529-9156-40d0-95ee-ba7a6a818e18}*SharedItemsImports = 5
	EndGlobalSection
	GlobalSection(SolutionConfigurationPlatforms) = preSolution
		Ad-Hoc|Any CPU = Ad-Hoc|Any CPU
		Ad-Hoc|ARM = Ad-Hoc|ARM
		Ad-Hoc|ARM64 = Ad-Hoc|ARM64
		Ad-Hoc|iPhone = Ad-Hoc|iPhone
		Ad-Hoc|iPhoneSimulator = Ad-Hoc|iPhoneSimulator
		Ad-Hoc|x64 = Ad-Hoc|x64
		Ad-Hoc|x86 = Ad-Hoc|x86
		AppStore|Any CPU = AppStore|Any CPU
		AppStore|ARM = AppStore|ARM
		AppStore|ARM64 = AppStore|ARM64
		AppStore|iPhone = AppStore|iPhone
		AppStore|iPhoneSimulator = AppStore|iPhoneSimulator
		AppStore|x64 = AppStore|x64
		AppStore|x86 = AppStore|x86
		Debug|Any CPU = Debug|Any CPU
		Debug|ARM = Debug|ARM
		Debug|ARM64 = Debug|ARM64
		Debug|iPhone = Debug|iPhone
		Debug|iPhoneSimulator = Debug|iPhoneSimulator
		Debug|x64 = Debug|x64
		Debug|x86 = Debug|x86
		Release|Any CPU = Release|Any CPU
		Release|ARM = Release|ARM
		Release|ARM64 = Release|ARM64
		Release|iPhone = Release|iPhone
		Release|iPhoneSimulator = Release|iPhoneSimulator
		Release|x64 = Release|x64
		Release|x86 = Release|x86
	EndGlobalSection
	GlobalSection(ProjectConfigurationPlatforms) = postSolution
		{0ECC5FD7-ECF5-4410-AE85-88758F677FD7}.Ad-Hoc|Any CPU.ActiveCfg = Debug|Any CPU
		{0ECC5FD7-ECF5-4410-AE85-88758F677FD7}.Ad-Hoc|Any CPU.Build.0 = Debug|Any CPU
		{0ECC5FD7-ECF5-4410-AE85-88758F677FD7}.Ad-Hoc|Any CPU.Deploy.0 = Debug|Any CPU
		{0ECC5FD7-ECF5-4410-AE85-88758F677FD7}.Ad-Hoc|ARM.ActiveCfg = Debug|Any CPU
		{0ECC5FD7-ECF5-4410-AE85-88758F677FD7}.Ad-Hoc|ARM.Build.0 = Debug|Any CPU
		{0ECC5FD7-ECF5-4410-AE85-88758F677FD7}.Ad-Hoc|ARM.Deploy.0 = Debug|Any CPU
		{0ECC5FD7-ECF5-4410-AE85-88758F677FD7}.Ad-Hoc|ARM64.ActiveCfg = Debug|Any CPU
		{0ECC5FD7-ECF5-4410-AE85-88758F677FD7}.Ad-Hoc|ARM64.Build.0 = Debug|Any CPU
		{0ECC5FD7-ECF5-4410-AE85-88758F677FD7}.Ad-Hoc|ARM64.Deploy.0 = Debug|Any CPU
		{0ECC5FD7-ECF5-4410-AE85-88758F677FD7}.Ad-Hoc|iPhone.ActiveCfg = Debug|Any CPU
		{0ECC5FD7-ECF5-4410-AE85-88758F677FD7}.Ad-Hoc|iPhone.Build.0 = Debug|Any CPU
		{0ECC5FD7-ECF5-4410-AE85-88758F677FD7}.Ad-Hoc|iPhone.Deploy.0 = Debug|Any CPU
		{0ECC5FD7-ECF5-4410-AE85-88758F677FD7}.Ad-Hoc|iPhoneSimulator.ActiveCfg = Debug|Any CPU
		{0ECC5FD7-ECF5-4410-AE85-88758F677FD7}.Ad-Hoc|iPhoneSimulator.Build.0 = Debug|Any CPU
		{0ECC5FD7-ECF5-4410-AE85-88758F677FD7}.Ad-Hoc|iPhoneSimulator.Deploy.0 = Debug|Any CPU
		{0ECC5FD7-ECF5-4410-AE85-88758F677FD7}.Ad-Hoc|x64.ActiveCfg = Debug|Any CPU
		{0ECC5FD7-ECF5-4410-AE85-88758F677FD7}.Ad-Hoc|x64.Build.0 = Debug|Any CPU
		{0ECC5FD7-ECF5-4410-AE85-88758F677FD7}.Ad-Hoc|x64.Deploy.0 = Debug|Any CPU
		{0ECC5FD7-ECF5-4410-AE85-88758F677FD7}.Ad-Hoc|x86.ActiveCfg = Debug|Any CPU
		{0ECC5FD7-ECF5-4410-AE85-88758F677FD7}.Ad-Hoc|x86.Build.0 = Debug|Any CPU
		{0ECC5FD7-ECF5-4410-AE85-88758F677FD7}.Ad-Hoc|x86.Deploy.0 = Debug|Any CPU
		{0ECC5FD7-ECF5-4410-AE85-88758F677FD7}.AppStore|Any CPU.ActiveCfg = Debug|Any CPU
		{0ECC5FD7-ECF5-4410-AE85-88758F677FD7}.AppStore|Any CPU.Build.0 = Debug|Any CPU
		{0ECC5FD7-ECF5-4410-AE85-88758F677FD7}.AppStore|Any CPU.Deploy.0 = Debug|Any CPU
		{0ECC5FD7-ECF5-4410-AE85-88758F677FD7}.AppStore|ARM.ActiveCfg = Debug|Any CPU
		{0ECC5FD7-ECF5-4410-AE85-88758F677FD7}.AppStore|ARM.Build.0 = Debug|Any CPU
		{0ECC5FD7-ECF5-4410-AE85-88758F677FD7}.AppStore|ARM.Deploy.0 = Debug|Any CPU
		{0ECC5FD7-ECF5-4410-AE85-88758F677FD7}.AppStore|ARM64.ActiveCfg = Debug|Any CPU
		{0ECC5FD7-ECF5-4410-AE85-88758F677FD7}.AppStore|ARM64.Build.0 = Debug|Any CPU
		{0ECC5FD7-ECF5-4410-AE85-88758F677FD7}.AppStore|ARM64.Deploy.0 = Debug|Any CPU
		{0ECC5FD7-ECF5-4410-AE85-88758F677FD7}.AppStore|iPhone.ActiveCfg = Debug|Any CPU
		{0ECC5FD7-ECF5-4410-AE85-88758F677FD7}.AppStore|iPhone.Build.0 = Debug|Any CPU
		{0ECC5FD7-ECF5-4410-AE85-88758F677FD7}.AppStore|iPhone.Deploy.0 = Debug|Any CPU
		{0ECC5FD7-ECF5-4410-AE85-88758F677FD7}.AppStore|iPhoneSimulator.ActiveCfg = Debug|Any CPU
		{0ECC5FD7-ECF5-4410-AE85-88758F677FD7}.AppStore|iPhoneSimulator.Build.0 = Debug|Any CPU
		{0ECC5FD7-ECF5-4410-AE85-88758F677FD7}.AppStore|iPhoneSimulator.Deploy.0 = Debug|Any CPU
		{0ECC5FD7-ECF5-4410-AE85-88758F677FD7}.AppStore|x64.ActiveCfg = Debug|Any CPU
		{0ECC5FD7-ECF5-4410-AE85-88758F677FD7}.AppStore|x64.Build.0 = Debug|Any CPU
		{0ECC5FD7-ECF5-4410-AE85-88758F677FD7}.AppStore|x64.Deploy.0 = Debug|Any CPU
		{0ECC5FD7-ECF5-4410-AE85-88758F677FD7}.AppStore|x86.ActiveCfg = Debug|Any CPU
		{0ECC5FD7-ECF5-4410-AE85-88758F677FD7}.AppStore|x86.Build.0 = Debug|Any CPU
		{0ECC5FD7-ECF5-4410-AE85-88758F677FD7}.AppStore|x86.Deploy.0 = Debug|Any CPU
		{0ECC5FD7-ECF5-4410-AE85-88758F677FD7}.Debug|Any CPU.ActiveCfg = Debug|Any CPU
		{0ECC5FD7-ECF5-4410-AE85-88758F677FD7}.Debug|Any CPU.Build.0 = Debug|Any CPU
		{0ECC5FD7-ECF5-4410-AE85-88758F677FD7}.Debug|Any CPU.Deploy.0 = Debug|Any CPU
		{0ECC5FD7-ECF5-4410-AE85-88758F677FD7}.Debug|ARM.ActiveCfg = Debug|Any CPU
		{0ECC5FD7-ECF5-4410-AE85-88758F677FD7}.Debug|ARM.Build.0 = Debug|Any CPU
		{0ECC5FD7-ECF5-4410-AE85-88758F677FD7}.Debug|ARM.Deploy.0 = Debug|Any CPU
		{0ECC5FD7-ECF5-4410-AE85-88758F677FD7}.Debug|ARM64.ActiveCfg = Debug|Any CPU
		{0ECC5FD7-ECF5-4410-AE85-88758F677FD7}.Debug|ARM64.Build.0 = Debug|Any CPU
		{0ECC5FD7-ECF5-4410-AE85-88758F677FD7}.Debug|ARM64.Deploy.0 = Debug|Any CPU
		{0ECC5FD7-ECF5-4410-AE85-88758F677FD7}.Debug|iPhone.ActiveCfg = Debug|Any CPU
		{0ECC5FD7-ECF5-4410-AE85-88758F677FD7}.Debug|iPhone.Build.0 = Debug|Any CPU
		{0ECC5FD7-ECF5-4410-AE85-88758F677FD7}.Debug|iPhone.Deploy.0 = Debug|Any CPU
		{0ECC5FD7-ECF5-4410-AE85-88758F677FD7}.Debug|iPhoneSimulator.ActiveCfg = Debug|Any CPU
		{0ECC5FD7-ECF5-4410-AE85-88758F677FD7}.Debug|iPhoneSimulator.Build.0 = Debug|Any CPU
		{0ECC5FD7-ECF5-4410-AE85-88758F677FD7}.Debug|iPhoneSimulator.Deploy.0 = Debug|Any CPU
		{0ECC5FD7-ECF5-4410-AE85-88758F677FD7}.Debug|x64.ActiveCfg = Debug|Any CPU
		{0ECC5FD7-ECF5-4410-AE85-88758F677FD7}.Debug|x64.Build.0 = Debug|Any CPU
		{0ECC5FD7-ECF5-4410-AE85-88758F677FD7}.Debug|x64.Deploy.0 = Debug|Any CPU
		{0ECC5FD7-ECF5-4410-AE85-88758F677FD7}.Debug|x86.ActiveCfg = Debug|Any CPU
		{0ECC5FD7-ECF5-4410-AE85-88758F677FD7}.Debug|x86.Build.0 = Debug|Any CPU
		{0ECC5FD7-ECF5-4410-AE85-88758F677FD7}.Debug|x86.Deploy.0 = Debug|Any CPU
		{0ECC5FD7-ECF5-4410-AE85-88758F677FD7}.Release|Any CPU.ActiveCfg = Release|Any CPU
		{0ECC5FD7-ECF5-4410-AE85-88758F677FD7}.Release|Any CPU.Build.0 = Release|Any CPU
		{0ECC5FD7-ECF5-4410-AE85-88758F677FD7}.Release|Any CPU.Deploy.0 = Release|Any CPU
		{0ECC5FD7-ECF5-4410-AE85-88758F677FD7}.Release|ARM.ActiveCfg = Release|Any CPU
		{0ECC5FD7-ECF5-4410-AE85-88758F677FD7}.Release|ARM.Build.0 = Release|Any CPU
		{0ECC5FD7-ECF5-4410-AE85-88758F677FD7}.Release|ARM.Deploy.0 = Release|Any CPU
		{0ECC5FD7-ECF5-4410-AE85-88758F677FD7}.Release|ARM64.ActiveCfg = Release|Any CPU
		{0ECC5FD7-ECF5-4410-AE85-88758F677FD7}.Release|ARM64.Build.0 = Release|Any CPU
		{0ECC5FD7-ECF5-4410-AE85-88758F677FD7}.Release|ARM64.Deploy.0 = Release|Any CPU
		{0ECC5FD7-ECF5-4410-AE85-88758F677FD7}.Release|iPhone.ActiveCfg = Release|Any CPU
		{0ECC5FD7-ECF5-4410-AE85-88758F677FD7}.Release|iPhone.Build.0 = Release|Any CPU
		{0ECC5FD7-ECF5-4410-AE85-88758F677FD7}.Release|iPhone.Deploy.0 = Release|Any CPU
		{0ECC5FD7-ECF5-4410-AE85-88758F677FD7}.Release|iPhoneSimulator.ActiveCfg = Release|Any CPU
		{0ECC5FD7-ECF5-4410-AE85-88758F677FD7}.Release|iPhoneSimulator.Build.0 = Release|Any CPU
		{0ECC5FD7-ECF5-4410-AE85-88758F677FD7}.Release|iPhoneSimulator.Deploy.0 = Release|Any CPU
		{0ECC5FD7-ECF5-4410-AE85-88758F677FD7}.Release|x64.ActiveCfg = Release|Any CPU
		{0ECC5FD7-ECF5-4410-AE85-88758F677FD7}.Release|x64.Build.0 = Release|Any CPU
		{0ECC5FD7-ECF5-4410-AE85-88758F677FD7}.Release|x64.Deploy.0 = Release|Any CPU
		{0ECC5FD7-ECF5-4410-AE85-88758F677FD7}.Release|x86.ActiveCfg = Release|Any CPU
		{0ECC5FD7-ECF5-4410-AE85-88758F677FD7}.Release|x86.Build.0 = Release|Any CPU
		{0ECC5FD7-ECF5-4410-AE85-88758F677FD7}.Release|x86.Deploy.0 = Release|Any CPU
		{316BF6A7-FA21-4402-8210-3536143D47B8}.Ad-Hoc|Any CPU.ActiveCfg = Ad-Hoc|iPhoneSimulator
		{316BF6A7-FA21-4402-8210-3536143D47B8}.Ad-Hoc|ARM.ActiveCfg = Ad-Hoc|iPhoneSimulator
		{316BF6A7-FA21-4402-8210-3536143D47B8}.Ad-Hoc|ARM64.ActiveCfg = Ad-Hoc|iPhoneSimulator
		{316BF6A7-FA21-4402-8210-3536143D47B8}.Ad-Hoc|iPhone.ActiveCfg = Ad-Hoc|iPhone
		{316BF6A7-FA21-4402-8210-3536143D47B8}.Ad-Hoc|iPhone.Build.0 = Ad-Hoc|iPhone
		{316BF6A7-FA21-4402-8210-3536143D47B8}.Ad-Hoc|iPhoneSimulator.ActiveCfg = Ad-Hoc|iPhoneSimulator
		{316BF6A7-FA21-4402-8210-3536143D47B8}.Ad-Hoc|iPhoneSimulator.Build.0 = Ad-Hoc|iPhoneSimulator
		{316BF6A7-FA21-4402-8210-3536143D47B8}.Ad-Hoc|x64.ActiveCfg = Ad-Hoc|iPhoneSimulator
		{316BF6A7-FA21-4402-8210-3536143D47B8}.Ad-Hoc|x86.ActiveCfg = Ad-Hoc|iPhoneSimulator
		{316BF6A7-FA21-4402-8210-3536143D47B8}.AppStore|Any CPU.ActiveCfg = AppStore|iPhoneSimulator
		{316BF6A7-FA21-4402-8210-3536143D47B8}.AppStore|ARM.ActiveCfg = AppStore|iPhoneSimulator
		{316BF6A7-FA21-4402-8210-3536143D47B8}.AppStore|ARM64.ActiveCfg = AppStore|iPhoneSimulator
		{316BF6A7-FA21-4402-8210-3536143D47B8}.AppStore|iPhone.ActiveCfg = AppStore|iPhone
		{316BF6A7-FA21-4402-8210-3536143D47B8}.AppStore|iPhone.Build.0 = AppStore|iPhone
		{316BF6A7-FA21-4402-8210-3536143D47B8}.AppStore|iPhoneSimulator.ActiveCfg = AppStore|iPhoneSimulator
		{316BF6A7-FA21-4402-8210-3536143D47B8}.AppStore|iPhoneSimulator.Build.0 = AppStore|iPhoneSimulator
		{316BF6A7-FA21-4402-8210-3536143D47B8}.AppStore|x64.ActiveCfg = AppStore|iPhoneSimulator
		{316BF6A7-FA21-4402-8210-3536143D47B8}.AppStore|x86.ActiveCfg = AppStore|iPhoneSimulator
		{316BF6A7-FA21-4402-8210-3536143D47B8}.Debug|Any CPU.ActiveCfg = Debug|iPhoneSimulator
		{316BF6A7-FA21-4402-8210-3536143D47B8}.Debug|ARM.ActiveCfg = Debug|iPhoneSimulator
		{316BF6A7-FA21-4402-8210-3536143D47B8}.Debug|ARM64.ActiveCfg = Debug|iPhoneSimulator
		{316BF6A7-FA21-4402-8210-3536143D47B8}.Debug|iPhone.ActiveCfg = Debug|iPhone
		{316BF6A7-FA21-4402-8210-3536143D47B8}.Debug|iPhone.Build.0 = Debug|iPhone
		{316BF6A7-FA21-4402-8210-3536143D47B8}.Debug|iPhoneSimulator.ActiveCfg = Debug|iPhoneSimulator
		{316BF6A7-FA21-4402-8210-3536143D47B8}.Debug|iPhoneSimulator.Build.0 = Debug|iPhoneSimulator
		{316BF6A7-FA21-4402-8210-3536143D47B8}.Debug|x64.ActiveCfg = Debug|iPhoneSimulator
		{316BF6A7-FA21-4402-8210-3536143D47B8}.Debug|x86.ActiveCfg = Debug|iPhoneSimulator
		{316BF6A7-FA21-4402-8210-3536143D47B8}.Release|Any CPU.ActiveCfg = Release|iPhoneSimulator
		{316BF6A7-FA21-4402-8210-3536143D47B8}.Release|ARM.ActiveCfg = Release|iPhoneSimulator
		{316BF6A7-FA21-4402-8210-3536143D47B8}.Release|ARM64.ActiveCfg = Release|iPhoneSimulator
		{316BF6A7-FA21-4402-8210-3536143D47B8}.Release|iPhone.ActiveCfg = Release|iPhone
		{316BF6A7-FA21-4402-8210-3536143D47B8}.Release|iPhone.Build.0 = Release|iPhone
		{316BF6A7-FA21-4402-8210-3536143D47B8}.Release|iPhoneSimulator.ActiveCfg = Release|iPhoneSimulator
		{316BF6A7-FA21-4402-8210-3536143D47B8}.Release|iPhoneSimulator.Build.0 = Release|iPhoneSimulator
		{316BF6A7-FA21-4402-8210-3536143D47B8}.Release|x64.ActiveCfg = Release|iPhoneSimulator
		{316BF6A7-FA21-4402-8210-3536143D47B8}.Release|x86.ActiveCfg = Release|iPhoneSimulator
		{C7B68565-7B71-4EC1-A5C3-B3E75DEF8362}.Ad-Hoc|Any CPU.ActiveCfg = Debug|x86
		{C7B68565-7B71-4EC1-A5C3-B3E75DEF8362}.Ad-Hoc|Any CPU.Build.0 = Debug|x86
		{C7B68565-7B71-4EC1-A5C3-B3E75DEF8362}.Ad-Hoc|Any CPU.Deploy.0 = Debug|x86
		{C7B68565-7B71-4EC1-A5C3-B3E75DEF8362}.Ad-Hoc|ARM.ActiveCfg = Debug|ARM
		{C7B68565-7B71-4EC1-A5C3-B3E75DEF8362}.Ad-Hoc|ARM.Build.0 = Debug|ARM
		{C7B68565-7B71-4EC1-A5C3-B3E75DEF8362}.Ad-Hoc|ARM.Deploy.0 = Debug|ARM
		{C7B68565-7B71-4EC1-A5C3-B3E75DEF8362}.Ad-Hoc|ARM64.ActiveCfg = Debug|ARM64
		{C7B68565-7B71-4EC1-A5C3-B3E75DEF8362}.Ad-Hoc|ARM64.Build.0 = Debug|ARM64
		{C7B68565-7B71-4EC1-A5C3-B3E75DEF8362}.Ad-Hoc|ARM64.Deploy.0 = Debug|ARM64
		{C7B68565-7B71-4EC1-A5C3-B3E75DEF8362}.Ad-Hoc|iPhone.ActiveCfg = Debug|x86
		{C7B68565-7B71-4EC1-A5C3-B3E75DEF8362}.Ad-Hoc|iPhone.Build.0 = Debug|x86
		{C7B68565-7B71-4EC1-A5C3-B3E75DEF8362}.Ad-Hoc|iPhone.Deploy.0 = Debug|x86
		{C7B68565-7B71-4EC1-A5C3-B3E75DEF8362}.Ad-Hoc|iPhoneSimulator.ActiveCfg = Debug|x86
		{C7B68565-7B71-4EC1-A5C3-B3E75DEF8362}.Ad-Hoc|iPhoneSimulator.Build.0 = Debug|x86
		{C7B68565-7B71-4EC1-A5C3-B3E75DEF8362}.Ad-Hoc|iPhoneSimulator.Deploy.0 = Debug|x86
		{C7B68565-7B71-4EC1-A5C3-B3E75DEF8362}.Ad-Hoc|x64.ActiveCfg = Debug|x64
		{C7B68565-7B71-4EC1-A5C3-B3E75DEF8362}.Ad-Hoc|x64.Build.0 = Debug|x64
		{C7B68565-7B71-4EC1-A5C3-B3E75DEF8362}.Ad-Hoc|x64.Deploy.0 = Debug|x64
		{C7B68565-7B71-4EC1-A5C3-B3E75DEF8362}.Ad-Hoc|x86.ActiveCfg = Debug|x86
		{C7B68565-7B71-4EC1-A5C3-B3E75DEF8362}.Ad-Hoc|x86.Build.0 = Debug|x86
		{C7B68565-7B71-4EC1-A5C3-B3E75DEF8362}.Ad-Hoc|x86.Deploy.0 = Debug|x86
		{C7B68565-7B71-4EC1-A5C3-B3E75DEF8362}.AppStore|Any CPU.ActiveCfg = Debug|x86
		{C7B68565-7B71-4EC1-A5C3-B3E75DEF8362}.AppStore|Any CPU.Build.0 = Debug|x86
		{C7B68565-7B71-4EC1-A5C3-B3E75DEF8362}.AppStore|Any CPU.Deploy.0 = Debug|x86
		{C7B68565-7B71-4EC1-A5C3-B3E75DEF8362}.AppStore|ARM.ActiveCfg = Debug|ARM
		{C7B68565-7B71-4EC1-A5C3-B3E75DEF8362}.AppStore|ARM.Build.0 = Debug|ARM
		{C7B68565-7B71-4EC1-A5C3-B3E75DEF8362}.AppStore|ARM.Deploy.0 = Debug|ARM
		{C7B68565-7B71-4EC1-A5C3-B3E75DEF8362}.AppStore|ARM64.ActiveCfg = Debug|ARM64
		{C7B68565-7B71-4EC1-A5C3-B3E75DEF8362}.AppStore|ARM64.Build.0 = Debug|ARM64
		{C7B68565-7B71-4EC1-A5C3-B3E75DEF8362}.AppStore|ARM64.Deploy.0 = Debug|ARM64
		{C7B68565-7B71-4EC1-A5C3-B3E75DEF8362}.AppStore|iPhone.ActiveCfg = Debug|x86
		{C7B68565-7B71-4EC1-A5C3-B3E75DEF8362}.AppStore|iPhone.Build.0 = Debug|x86
		{C7B68565-7B71-4EC1-A5C3-B3E75DEF8362}.AppStore|iPhone.Deploy.0 = Debug|x86
		{C7B68565-7B71-4EC1-A5C3-B3E75DEF8362}.AppStore|iPhoneSimulator.ActiveCfg = Debug|x86
		{C7B68565-7B71-4EC1-A5C3-B3E75DEF8362}.AppStore|iPhoneSimulator.Build.0 = Debug|x86
		{C7B68565-7B71-4EC1-A5C3-B3E75DEF8362}.AppStore|iPhoneSimulator.Deploy.0 = Debug|x86
		{C7B68565-7B71-4EC1-A5C3-B3E75DEF8362}.AppStore|x64.ActiveCfg = Debug|x64
		{C7B68565-7B71-4EC1-A5C3-B3E75DEF8362}.AppStore|x64.Build.0 = Debug|x64
		{C7B68565-7B71-4EC1-A5C3-B3E75DEF8362}.AppStore|x64.Deploy.0 = Debug|x64
		{C7B68565-7B71-4EC1-A5C3-B3E75DEF8362}.AppStore|x86.ActiveCfg = Debug|x86
		{C7B68565-7B71-4EC1-A5C3-B3E75DEF8362}.AppStore|x86.Build.0 = Debug|x86
		{C7B68565-7B71-4EC1-A5C3-B3E75DEF8362}.AppStore|x86.Deploy.0 = Debug|x86
		{C7B68565-7B71-4EC1-A5C3-B3E75DEF8362}.Debug|Any CPU.ActiveCfg = Debug|x86
		{C7B68565-7B71-4EC1-A5C3-B3E75DEF8362}.Debug|Any CPU.Build.0 = Debug|x86
		{C7B68565-7B71-4EC1-A5C3-B3E75DEF8362}.Debug|Any CPU.Deploy.0 = Debug|x86
		{C7B68565-7B71-4EC1-A5C3-B3E75DEF8362}.Debug|ARM.ActiveCfg = Debug|ARM
		{C7B68565-7B71-4EC1-A5C3-B3E75DEF8362}.Debug|ARM.Build.0 = Debug|ARM
		{C7B68565-7B71-4EC1-A5C3-B3E75DEF8362}.Debug|ARM.Deploy.0 = Debug|ARM
		{C7B68565-7B71-4EC1-A5C3-B3E75DEF8362}.Debug|ARM64.ActiveCfg = Debug|ARM64
		{C7B68565-7B71-4EC1-A5C3-B3E75DEF8362}.Debug|ARM64.Build.0 = Debug|ARM64
		{C7B68565-7B71-4EC1-A5C3-B3E75DEF8362}.Debug|ARM64.Deploy.0 = Debug|ARM64
		{C7B68565-7B71-4EC1-A5C3-B3E75DEF8362}.Debug|iPhone.ActiveCfg = Debug|x86
		{C7B68565-7B71-4EC1-A5C3-B3E75DEF8362}.Debug|iPhoneSimulator.ActiveCfg = Debug|x86
		{C7B68565-7B71-4EC1-A5C3-B3E75DEF8362}.Debug|x64.ActiveCfg = Debug|x64
		{C7B68565-7B71-4EC1-A5C3-B3E75DEF8362}.Debug|x64.Build.0 = Debug|x64
		{C7B68565-7B71-4EC1-A5C3-B3E75DEF8362}.Debug|x64.Deploy.0 = Debug|x64
		{C7B68565-7B71-4EC1-A5C3-B3E75DEF8362}.Debug|x86.ActiveCfg = Debug|x86
		{C7B68565-7B71-4EC1-A5C3-B3E75DEF8362}.Debug|x86.Build.0 = Debug|x86
		{C7B68565-7B71-4EC1-A5C3-B3E75DEF8362}.Debug|x86.Deploy.0 = Debug|x86
		{C7B68565-7B71-4EC1-A5C3-B3E75DEF8362}.Release|Any CPU.ActiveCfg = Release|x86
		{C7B68565-7B71-4EC1-A5C3-B3E75DEF8362}.Release|ARM.ActiveCfg = Release|ARM
		{C7B68565-7B71-4EC1-A5C3-B3E75DEF8362}.Release|ARM.Build.0 = Release|ARM
		{C7B68565-7B71-4EC1-A5C3-B3E75DEF8362}.Release|ARM.Deploy.0 = Release|ARM
		{C7B68565-7B71-4EC1-A5C3-B3E75DEF8362}.Release|ARM64.ActiveCfg = Release|ARM64
		{C7B68565-7B71-4EC1-A5C3-B3E75DEF8362}.Release|ARM64.Build.0 = Release|ARM64
		{C7B68565-7B71-4EC1-A5C3-B3E75DEF8362}.Release|ARM64.Deploy.0 = Release|ARM64
		{C7B68565-7B71-4EC1-A5C3-B3E75DEF8362}.Release|iPhone.ActiveCfg = Release|x86
		{C7B68565-7B71-4EC1-A5C3-B3E75DEF8362}.Release|iPhoneSimulator.ActiveCfg = Release|x86
		{C7B68565-7B71-4EC1-A5C3-B3E75DEF8362}.Release|x64.ActiveCfg = Release|x64
		{C7B68565-7B71-4EC1-A5C3-B3E75DEF8362}.Release|x64.Build.0 = Release|x64
		{C7B68565-7B71-4EC1-A5C3-B3E75DEF8362}.Release|x64.Deploy.0 = Release|x64
		{C7B68565-7B71-4EC1-A5C3-B3E75DEF8362}.Release|x86.ActiveCfg = Release|x86
		{C7B68565-7B71-4EC1-A5C3-B3E75DEF8362}.Release|x86.Build.0 = Release|x86
		{C7B68565-7B71-4EC1-A5C3-B3E75DEF8362}.Release|x86.Deploy.0 = Release|x86
		{FE070529-9156-40D0-95EE-BA7A6A818E18}.Ad-Hoc|Any CPU.ActiveCfg = Debug|Any CPU
		{FE070529-9156-40D0-95EE-BA7A6A818E18}.Ad-Hoc|Any CPU.Build.0 = Debug|Any CPU
		{FE070529-9156-40D0-95EE-BA7A6A818E18}.Ad-Hoc|ARM.ActiveCfg = Debug|Any CPU
		{FE070529-9156-40D0-95EE-BA7A6A818E18}.Ad-Hoc|ARM.Build.0 = Debug|Any CPU
		{FE070529-9156-40D0-95EE-BA7A6A818E18}.Ad-Hoc|ARM64.ActiveCfg = Debug|Any CPU
		{FE070529-9156-40D0-95EE-BA7A6A818E18}.Ad-Hoc|ARM64.Build.0 = Debug|Any CPU
		{FE070529-9156-40D0-95EE-BA7A6A818E18}.Ad-Hoc|iPhone.ActiveCfg = Debug|Any CPU
		{FE070529-9156-40D0-95EE-BA7A6A818E18}.Ad-Hoc|iPhone.Build.0 = Debug|Any CPU
		{FE070529-9156-40D0-95EE-BA7A6A818E18}.Ad-Hoc|iPhoneSimulator.ActiveCfg = Debug|Any CPU
		{FE070529-9156-40D0-95EE-BA7A6A818E18}.Ad-Hoc|iPhoneSimulator.Build.0 = Debug|Any CPU
		{FE070529-9156-40D0-95EE-BA7A6A818E18}.Ad-Hoc|x64.ActiveCfg = Debug|Any CPU
		{FE070529-9156-40D0-95EE-BA7A6A818E18}.Ad-Hoc|x64.Build.0 = Debug|Any CPU
		{FE070529-9156-40D0-95EE-BA7A6A818E18}.Ad-Hoc|x86.ActiveCfg = Debug|Any CPU
		{FE070529-9156-40D0-95EE-BA7A6A818E18}.Ad-Hoc|x86.Build.0 = Debug|Any CPU
		{FE070529-9156-40D0-95EE-BA7A6A818E18}.AppStore|Any CPU.ActiveCfg = Debug|Any CPU
		{FE070529-9156-40D0-95EE-BA7A6A818E18}.AppStore|Any CPU.Build.0 = Debug|Any CPU
		{FE070529-9156-40D0-95EE-BA7A6A818E18}.AppStore|ARM.ActiveCfg = Debug|Any CPU
		{FE070529-9156-40D0-95EE-BA7A6A818E18}.AppStore|ARM.Build.0 = Debug|Any CPU
		{FE070529-9156-40D0-95EE-BA7A6A818E18}.AppStore|ARM64.ActiveCfg = Debug|Any CPU
		{FE070529-9156-40D0-95EE-BA7A6A818E18}.AppStore|ARM64.Build.0 = Debug|Any CPU
		{FE070529-9156-40D0-95EE-BA7A6A818E18}.AppStore|iPhone.ActiveCfg = Debug|Any CPU
		{FE070529-9156-40D0-95EE-BA7A6A818E18}.AppStore|iPhone.Build.0 = Debug|Any CPU
		{FE070529-9156-40D0-95EE-BA7A6A818E18}.AppStore|iPhoneSimulator.ActiveCfg = Debug|Any CPU
		{FE070529-9156-40D0-95EE-BA7A6A818E18}.AppStore|iPhoneSimulator.Build.0 = Debug|Any CPU
		{FE070529-9156-40D0-95EE-BA7A6A818E18}.AppStore|x64.ActiveCfg = Debug|Any CPU
		{FE070529-9156-40D0-95EE-BA7A6A818E18}.AppStore|x64.Build.0 = Debug|Any CPU
		{FE070529-9156-40D0-95EE-BA7A6A818E18}.AppStore|x86.ActiveCfg = Debug|Any CPU
		{FE070529-9156-40D0-95EE-BA7A6A818E18}.AppStore|x86.Build.0 = Debug|Any CPU
		{FE070529-9156-40D0-95EE-BA7A6A818E18}.Debug|Any CPU.ActiveCfg = Debug|Any CPU
		{FE070529-9156-40D0-95EE-BA7A6A818E18}.Debug|Any CPU.Build.0 = Debug|Any CPU
		{FE070529-9156-40D0-95EE-BA7A6A818E18}.Debug|ARM.ActiveCfg = Debug|Any CPU
		{FE070529-9156-40D0-95EE-BA7A6A818E18}.Debug|ARM.Build.0 = Debug|Any CPU
		{FE070529-9156-40D0-95EE-BA7A6A818E18}.Debug|ARM64.ActiveCfg = Debug|Any CPU
		{FE070529-9156-40D0-95EE-BA7A6A818E18}.Debug|ARM64.Build.0 = Debug|Any CPU
		{FE070529-9156-40D0-95EE-BA7A6A818E18}.Debug|iPhone.ActiveCfg = Debug|Any CPU
		{FE070529-9156-40D0-95EE-BA7A6A818E18}.Debug|iPhone.Build.0 = Debug|Any CPU
		{FE070529-9156-40D0-95EE-BA7A6A818E18}.Debug|iPhoneSimulator.ActiveCfg = Debug|Any CPU
		{FE070529-9156-40D0-95EE-BA7A6A818E18}.Debug|iPhoneSimulator.Build.0 = Debug|Any CPU
		{FE070529-9156-40D0-95EE-BA7A6A818E18}.Debug|x64.ActiveCfg = Debug|Any CPU
		{FE070529-9156-40D0-95EE-BA7A6A818E18}.Debug|x64.Build.0 = Debug|Any CPU
		{FE070529-9156-40D0-95EE-BA7A6A818E18}.Debug|x86.ActiveCfg = Debug|Any CPU
		{FE070529-9156-40D0-95EE-BA7A6A818E18}.Debug|x86.Build.0 = Debug|Any CPU
		{FE070529-9156-40D0-95EE-BA7A6A818E18}.Release|Any CPU.ActiveCfg = Release|Any CPU
		{FE070529-9156-40D0-95EE-BA7A6A818E18}.Release|Any CPU.Build.0 = Release|Any CPU
		{FE070529-9156-40D0-95EE-BA7A6A818E18}.Release|ARM.ActiveCfg = Release|Any CPU
		{FE070529-9156-40D0-95EE-BA7A6A818E18}.Release|ARM.Build.0 = Release|Any CPU
		{FE070529-9156-40D0-95EE-BA7A6A818E18}.Release|ARM64.ActiveCfg = Release|Any CPU
		{FE070529-9156-40D0-95EE-BA7A6A818E18}.Release|ARM64.Build.0 = Release|Any CPU
		{FE070529-9156-40D0-95EE-BA7A6A818E18}.Release|iPhone.ActiveCfg = Release|Any CPU
		{FE070529-9156-40D0-95EE-BA7A6A818E18}.Release|iPhone.Build.0 = Release|Any CPU
		{FE070529-9156-40D0-95EE-BA7A6A818E18}.Release|iPhoneSimulator.ActiveCfg = Release|Any CPU
		{FE070529-9156-40D0-95EE-BA7A6A818E18}.Release|iPhoneSimulator.Build.0 = Release|Any CPU
		{FE070529-9156-40D0-95EE-BA7A6A818E18}.Release|x64.ActiveCfg = Release|Any CPU
		{FE070529-9156-40D0-95EE-BA7A6A818E18}.Release|x64.Build.0 = Release|Any CPU
		{FE070529-9156-40D0-95EE-BA7A6A818E18}.Release|x86.ActiveCfg = Release|Any CPU
		{FE070529-9156-40D0-95EE-BA7A6A818E18}.Release|x86.Build.0 = Release|Any CPU
		{E430002C-56DA-467F-AF2F-D2D8C09D800C}.Ad-Hoc|Any CPU.ActiveCfg = Debug|iPhoneSimulator
		{E430002C-56DA-467F-AF2F-D2D8C09D800C}.Ad-Hoc|Any CPU.Build.0 = Debug|iPhoneSimulator
		{E430002C-56DA-467F-AF2F-D2D8C09D800C}.Ad-Hoc|ARM.ActiveCfg = Debug|iPhoneSimulator
		{E430002C-56DA-467F-AF2F-D2D8C09D800C}.Ad-Hoc|ARM.Build.0 = Debug|iPhoneSimulator
		{E430002C-56DA-467F-AF2F-D2D8C09D800C}.Ad-Hoc|ARM64.ActiveCfg = Debug|iPhoneSimulator
		{E430002C-56DA-467F-AF2F-D2D8C09D800C}.Ad-Hoc|ARM64.Build.0 = Debug|iPhoneSimulator
		{E430002C-56DA-467F-AF2F-D2D8C09D800C}.Ad-Hoc|iPhone.ActiveCfg = Debug|iPhoneSimulator
		{E430002C-56DA-467F-AF2F-D2D8C09D800C}.Ad-Hoc|iPhone.Build.0 = Debug|iPhoneSimulator
		{E430002C-56DA-467F-AF2F-D2D8C09D800C}.Ad-Hoc|iPhoneSimulator.ActiveCfg = Debug|iPhoneSimulator
		{E430002C-56DA-467F-AF2F-D2D8C09D800C}.Ad-Hoc|iPhoneSimulator.Build.0 = Debug|iPhoneSimulator
		{E430002C-56DA-467F-AF2F-D2D8C09D800C}.Ad-Hoc|x64.ActiveCfg = Debug|iPhoneSimulator
		{E430002C-56DA-467F-AF2F-D2D8C09D800C}.Ad-Hoc|x64.Build.0 = Debug|iPhoneSimulator
		{E430002C-56DA-467F-AF2F-D2D8C09D800C}.Ad-Hoc|x86.ActiveCfg = Debug|iPhoneSimulator
		{E430002C-56DA-467F-AF2F-D2D8C09D800C}.Ad-Hoc|x86.Build.0 = Debug|iPhoneSimulator
		{E430002C-56DA-467F-AF2F-D2D8C09D800C}.AppStore|Any CPU.ActiveCfg = Debug|iPhoneSimulator
		{E430002C-56DA-467F-AF2F-D2D8C09D800C}.AppStore|Any CPU.Build.0 = Debug|iPhoneSimulator
		{E430002C-56DA-467F-AF2F-D2D8C09D800C}.AppStore|ARM.ActiveCfg = Debug|iPhoneSimulator
		{E430002C-56DA-467F-AF2F-D2D8C09D800C}.AppStore|ARM.Build.0 = Debug|iPhoneSimulator
		{E430002C-56DA-467F-AF2F-D2D8C09D800C}.AppStore|ARM64.ActiveCfg = Debug|iPhoneSimulator
		{E430002C-56DA-467F-AF2F-D2D8C09D800C}.AppStore|ARM64.Build.0 = Debug|iPhoneSimulator
		{E430002C-56DA-467F-AF2F-D2D8C09D800C}.AppStore|iPhone.ActiveCfg = Debug|iPhoneSimulator
		{E430002C-56DA-467F-AF2F-D2D8C09D800C}.AppStore|iPhone.Build.0 = Debug|iPhoneSimulator
		{E430002C-56DA-467F-AF2F-D2D8C09D800C}.AppStore|iPhoneSimulator.ActiveCfg = Debug|iPhoneSimulator
		{E430002C-56DA-467F-AF2F-D2D8C09D800C}.AppStore|iPhoneSimulator.Build.0 = Debug|iPhoneSimulator
		{E430002C-56DA-467F-AF2F-D2D8C09D800C}.AppStore|x64.ActiveCfg = Debug|iPhoneSimulator
		{E430002C-56DA-467F-AF2F-D2D8C09D800C}.AppStore|x64.Build.0 = Debug|iPhoneSimulator
		{E430002C-56DA-467F-AF2F-D2D8C09D800C}.AppStore|x86.ActiveCfg = Debug|iPhoneSimulator
		{E430002C-56DA-467F-AF2F-D2D8C09D800C}.AppStore|x86.Build.0 = Debug|iPhoneSimulator
		{E430002C-56DA-467F-AF2F-D2D8C09D800C}.Debug|Any CPU.ActiveCfg = Debug|iPhoneSimulator
		{E430002C-56DA-467F-AF2F-D2D8C09D800C}.Debug|ARM.ActiveCfg = Debug|iPhoneSimulator
		{E430002C-56DA-467F-AF2F-D2D8C09D800C}.Debug|ARM64.ActiveCfg = Debug|iPhoneSimulator
		{E430002C-56DA-467F-AF2F-D2D8C09D800C}.Debug|iPhone.ActiveCfg = Debug|iPhoneSimulator
		{E430002C-56DA-467F-AF2F-D2D8C09D800C}.Debug|iPhoneSimulator.ActiveCfg = Debug|iPhoneSimulator
		{E430002C-56DA-467F-AF2F-D2D8C09D800C}.Debug|iPhoneSimulator.Build.0 = Debug|iPhoneSimulator
		{E430002C-56DA-467F-AF2F-D2D8C09D800C}.Debug|x64.ActiveCfg = Debug|iPhoneSimulator
		{E430002C-56DA-467F-AF2F-D2D8C09D800C}.Debug|x86.ActiveCfg = Debug|iPhoneSimulator
		{E430002C-56DA-467F-AF2F-D2D8C09D800C}.Release|Any CPU.ActiveCfg = Release|iPhoneSimulator
		{E430002C-56DA-467F-AF2F-D2D8C09D800C}.Release|ARM.ActiveCfg = Release|iPhoneSimulator
		{E430002C-56DA-467F-AF2F-D2D8C09D800C}.Release|ARM64.ActiveCfg = Release|iPhoneSimulator
		{E430002C-56DA-467F-AF2F-D2D8C09D800C}.Release|iPhone.ActiveCfg = Release|iPhoneSimulator
		{E430002C-56DA-467F-AF2F-D2D8C09D800C}.Release|iPhoneSimulator.ActiveCfg = Release|iPhoneSimulator
		{E430002C-56DA-467F-AF2F-D2D8C09D800C}.Release|iPhoneSimulator.Build.0 = Release|iPhoneSimulator
		{E430002C-56DA-467F-AF2F-D2D8C09D800C}.Release|x64.ActiveCfg = Release|iPhoneSimulator
		{E430002C-56DA-467F-AF2F-D2D8C09D800C}.Release|x86.ActiveCfg = Release|iPhoneSimulator
		{A6750083-952C-491C-A904-B6B5994DF36E}.Ad-Hoc|Any CPU.ActiveCfg = Debug|Any CPU
		{A6750083-952C-491C-A904-B6B5994DF36E}.Ad-Hoc|Any CPU.Build.0 = Debug|Any CPU
		{A6750083-952C-491C-A904-B6B5994DF36E}.Ad-Hoc|ARM.ActiveCfg = Debug|Any CPU
		{A6750083-952C-491C-A904-B6B5994DF36E}.Ad-Hoc|ARM.Build.0 = Debug|Any CPU
		{A6750083-952C-491C-A904-B6B5994DF36E}.Ad-Hoc|ARM64.ActiveCfg = Debug|Any CPU
		{A6750083-952C-491C-A904-B6B5994DF36E}.Ad-Hoc|ARM64.Build.0 = Debug|Any CPU
		{A6750083-952C-491C-A904-B6B5994DF36E}.Ad-Hoc|iPhone.ActiveCfg = Debug|Any CPU
		{A6750083-952C-491C-A904-B6B5994DF36E}.Ad-Hoc|iPhone.Build.0 = Debug|Any CPU
		{A6750083-952C-491C-A904-B6B5994DF36E}.Ad-Hoc|iPhoneSimulator.ActiveCfg = Debug|Any CPU
		{A6750083-952C-491C-A904-B6B5994DF36E}.Ad-Hoc|iPhoneSimulator.Build.0 = Debug|Any CPU
		{A6750083-952C-491C-A904-B6B5994DF36E}.Ad-Hoc|x64.ActiveCfg = Debug|Any CPU
		{A6750083-952C-491C-A904-B6B5994DF36E}.Ad-Hoc|x64.Build.0 = Debug|Any CPU
		{A6750083-952C-491C-A904-B6B5994DF36E}.Ad-Hoc|x86.ActiveCfg = Debug|Any CPU
		{A6750083-952C-491C-A904-B6B5994DF36E}.Ad-Hoc|x86.Build.0 = Debug|Any CPU
		{A6750083-952C-491C-A904-B6B5994DF36E}.AppStore|Any CPU.ActiveCfg = Debug|Any CPU
		{A6750083-952C-491C-A904-B6B5994DF36E}.AppStore|Any CPU.Build.0 = Debug|Any CPU
		{A6750083-952C-491C-A904-B6B5994DF36E}.AppStore|ARM.ActiveCfg = Debug|Any CPU
		{A6750083-952C-491C-A904-B6B5994DF36E}.AppStore|ARM.Build.0 = Debug|Any CPU
		{A6750083-952C-491C-A904-B6B5994DF36E}.AppStore|ARM64.ActiveCfg = Debug|Any CPU
		{A6750083-952C-491C-A904-B6B5994DF36E}.AppStore|ARM64.Build.0 = Debug|Any CPU
		{A6750083-952C-491C-A904-B6B5994DF36E}.AppStore|iPhone.ActiveCfg = Debug|Any CPU
		{A6750083-952C-491C-A904-B6B5994DF36E}.AppStore|iPhone.Build.0 = Debug|Any CPU
		{A6750083-952C-491C-A904-B6B5994DF36E}.AppStore|iPhoneSimulator.ActiveCfg = Debug|Any CPU
		{A6750083-952C-491C-A904-B6B5994DF36E}.AppStore|iPhoneSimulator.Build.0 = Debug|Any CPU
		{A6750083-952C-491C-A904-B6B5994DF36E}.AppStore|x64.ActiveCfg = Debug|Any CPU
		{A6750083-952C-491C-A904-B6B5994DF36E}.AppStore|x64.Build.0 = Debug|Any CPU
		{A6750083-952C-491C-A904-B6B5994DF36E}.AppStore|x86.ActiveCfg = Debug|Any CPU
		{A6750083-952C-491C-A904-B6B5994DF36E}.AppStore|x86.Build.0 = Debug|Any CPU
		{A6750083-952C-491C-A904-B6B5994DF36E}.Debug|Any CPU.ActiveCfg = Debug|Any CPU
		{A6750083-952C-491C-A904-B6B5994DF36E}.Debug|Any CPU.Build.0 = Debug|Any CPU
		{A6750083-952C-491C-A904-B6B5994DF36E}.Debug|ARM.ActiveCfg = Debug|Any CPU
		{A6750083-952C-491C-A904-B6B5994DF36E}.Debug|ARM.Build.0 = Debug|Any CPU
		{A6750083-952C-491C-A904-B6B5994DF36E}.Debug|ARM64.ActiveCfg = Debug|Any CPU
		{A6750083-952C-491C-A904-B6B5994DF36E}.Debug|ARM64.Build.0 = Debug|Any CPU
		{A6750083-952C-491C-A904-B6B5994DF36E}.Debug|iPhone.ActiveCfg = Debug|Any CPU
		{A6750083-952C-491C-A904-B6B5994DF36E}.Debug|iPhone.Build.0 = Debug|Any CPU
		{A6750083-952C-491C-A904-B6B5994DF36E}.Debug|iPhoneSimulator.ActiveCfg = Debug|Any CPU
		{A6750083-952C-491C-A904-B6B5994DF36E}.Debug|iPhoneSimulator.Build.0 = Debug|Any CPU
		{A6750083-952C-491C-A904-B6B5994DF36E}.Debug|x64.ActiveCfg = Debug|Any CPU
		{A6750083-952C-491C-A904-B6B5994DF36E}.Debug|x64.Build.0 = Debug|Any CPU
		{A6750083-952C-491C-A904-B6B5994DF36E}.Debug|x86.ActiveCfg = Debug|Any CPU
		{A6750083-952C-491C-A904-B6B5994DF36E}.Debug|x86.Build.0 = Debug|Any CPU
		{A6750083-952C-491C-A904-B6B5994DF36E}.Release|Any CPU.ActiveCfg = Release|Any CPU
		{A6750083-952C-491C-A904-B6B5994DF36E}.Release|Any CPU.Build.0 = Release|Any CPU
		{A6750083-952C-491C-A904-B6B5994DF36E}.Release|ARM.ActiveCfg = Release|Any CPU
		{A6750083-952C-491C-A904-B6B5994DF36E}.Release|ARM.Build.0 = Release|Any CPU
		{A6750083-952C-491C-A904-B6B5994DF36E}.Release|ARM64.ActiveCfg = Release|Any CPU
		{A6750083-952C-491C-A904-B6B5994DF36E}.Release|ARM64.Build.0 = Release|Any CPU
		{A6750083-952C-491C-A904-B6B5994DF36E}.Release|iPhone.ActiveCfg = Release|Any CPU
		{A6750083-952C-491C-A904-B6B5994DF36E}.Release|iPhone.Build.0 = Release|Any CPU
		{A6750083-952C-491C-A904-B6B5994DF36E}.Release|iPhoneSimulator.ActiveCfg = Release|Any CPU
		{A6750083-952C-491C-A904-B6B5994DF36E}.Release|iPhoneSimulator.Build.0 = Release|Any CPU
		{A6750083-952C-491C-A904-B6B5994DF36E}.Release|x64.ActiveCfg = Release|Any CPU
		{A6750083-952C-491C-A904-B6B5994DF36E}.Release|x64.Build.0 = Release|Any CPU
		{A6750083-952C-491C-A904-B6B5994DF36E}.Release|x86.ActiveCfg = Release|Any CPU
		{A6750083-952C-491C-A904-B6B5994DF36E}.Release|x86.Build.0 = Release|Any CPU
		{FCF40C1C-DEDF-4FAA-84AA-53D5DD06516F}.Ad-Hoc|Any CPU.ActiveCfg = Debug|Any CPU
		{FCF40C1C-DEDF-4FAA-84AA-53D5DD06516F}.Ad-Hoc|Any CPU.Build.0 = Debug|Any CPU
		{FCF40C1C-DEDF-4FAA-84AA-53D5DD06516F}.Ad-Hoc|ARM.ActiveCfg = Debug|Any CPU
		{FCF40C1C-DEDF-4FAA-84AA-53D5DD06516F}.Ad-Hoc|ARM.Build.0 = Debug|Any CPU
		{FCF40C1C-DEDF-4FAA-84AA-53D5DD06516F}.Ad-Hoc|ARM64.ActiveCfg = Debug|Any CPU
		{FCF40C1C-DEDF-4FAA-84AA-53D5DD06516F}.Ad-Hoc|ARM64.Build.0 = Debug|Any CPU
		{FCF40C1C-DEDF-4FAA-84AA-53D5DD06516F}.Ad-Hoc|iPhone.ActiveCfg = Debug|Any CPU
		{FCF40C1C-DEDF-4FAA-84AA-53D5DD06516F}.Ad-Hoc|iPhone.Build.0 = Debug|Any CPU
		{FCF40C1C-DEDF-4FAA-84AA-53D5DD06516F}.Ad-Hoc|iPhoneSimulator.ActiveCfg = Debug|Any CPU
		{FCF40C1C-DEDF-4FAA-84AA-53D5DD06516F}.Ad-Hoc|iPhoneSimulator.Build.0 = Debug|Any CPU
		{FCF40C1C-DEDF-4FAA-84AA-53D5DD06516F}.Ad-Hoc|x64.ActiveCfg = Debug|Any CPU
		{FCF40C1C-DEDF-4FAA-84AA-53D5DD06516F}.Ad-Hoc|x64.Build.0 = Debug|Any CPU
		{FCF40C1C-DEDF-4FAA-84AA-53D5DD06516F}.Ad-Hoc|x86.ActiveCfg = Debug|Any CPU
		{FCF40C1C-DEDF-4FAA-84AA-53D5DD06516F}.Ad-Hoc|x86.Build.0 = Debug|Any CPU
		{FCF40C1C-DEDF-4FAA-84AA-53D5DD06516F}.AppStore|Any CPU.ActiveCfg = Debug|Any CPU
		{FCF40C1C-DEDF-4FAA-84AA-53D5DD06516F}.AppStore|Any CPU.Build.0 = Debug|Any CPU
		{FCF40C1C-DEDF-4FAA-84AA-53D5DD06516F}.AppStore|ARM.ActiveCfg = Debug|Any CPU
		{FCF40C1C-DEDF-4FAA-84AA-53D5DD06516F}.AppStore|ARM.Build.0 = Debug|Any CPU
		{FCF40C1C-DEDF-4FAA-84AA-53D5DD06516F}.AppStore|ARM64.ActiveCfg = Debug|Any CPU
		{FCF40C1C-DEDF-4FAA-84AA-53D5DD06516F}.AppStore|ARM64.Build.0 = Debug|Any CPU
		{FCF40C1C-DEDF-4FAA-84AA-53D5DD06516F}.AppStore|iPhone.ActiveCfg = Debug|Any CPU
		{FCF40C1C-DEDF-4FAA-84AA-53D5DD06516F}.AppStore|iPhone.Build.0 = Debug|Any CPU
		{FCF40C1C-DEDF-4FAA-84AA-53D5DD06516F}.AppStore|iPhoneSimulator.ActiveCfg = Debug|Any CPU
		{FCF40C1C-DEDF-4FAA-84AA-53D5DD06516F}.AppStore|iPhoneSimulator.Build.0 = Debug|Any CPU
		{FCF40C1C-DEDF-4FAA-84AA-53D5DD06516F}.AppStore|x64.ActiveCfg = Debug|Any CPU
		{FCF40C1C-DEDF-4FAA-84AA-53D5DD06516F}.AppStore|x64.Build.0 = Debug|Any CPU
		{FCF40C1C-DEDF-4FAA-84AA-53D5DD06516F}.AppStore|x86.ActiveCfg = Debug|Any CPU
		{FCF40C1C-DEDF-4FAA-84AA-53D5DD06516F}.AppStore|x86.Build.0 = Debug|Any CPU
		{FCF40C1C-DEDF-4FAA-84AA-53D5DD06516F}.Debug|Any CPU.ActiveCfg = Debug|Any CPU
		{FCF40C1C-DEDF-4FAA-84AA-53D5DD06516F}.Debug|Any CPU.Build.0 = Debug|Any CPU
		{FCF40C1C-DEDF-4FAA-84AA-53D5DD06516F}.Debug|ARM.ActiveCfg = Debug|Any CPU
		{FCF40C1C-DEDF-4FAA-84AA-53D5DD06516F}.Debug|ARM.Build.0 = Debug|Any CPU
		{FCF40C1C-DEDF-4FAA-84AA-53D5DD06516F}.Debug|ARM64.ActiveCfg = Debug|Any CPU
		{FCF40C1C-DEDF-4FAA-84AA-53D5DD06516F}.Debug|ARM64.Build.0 = Debug|Any CPU
		{FCF40C1C-DEDF-4FAA-84AA-53D5DD06516F}.Debug|iPhone.ActiveCfg = Debug|Any CPU
		{FCF40C1C-DEDF-4FAA-84AA-53D5DD06516F}.Debug|iPhone.Build.0 = Debug|Any CPU
		{FCF40C1C-DEDF-4FAA-84AA-53D5DD06516F}.Debug|iPhoneSimulator.ActiveCfg = Debug|Any CPU
		{FCF40C1C-DEDF-4FAA-84AA-53D5DD06516F}.Debug|iPhoneSimulator.Build.0 = Debug|Any CPU
		{FCF40C1C-DEDF-4FAA-84AA-53D5DD06516F}.Debug|x64.ActiveCfg = Debug|Any CPU
		{FCF40C1C-DEDF-4FAA-84AA-53D5DD06516F}.Debug|x64.Build.0 = Debug|Any CPU
		{FCF40C1C-DEDF-4FAA-84AA-53D5DD06516F}.Debug|x86.ActiveCfg = Debug|Any CPU
		{FCF40C1C-DEDF-4FAA-84AA-53D5DD06516F}.Debug|x86.Build.0 = Debug|Any CPU
		{FCF40C1C-DEDF-4FAA-84AA-53D5DD06516F}.Release|Any CPU.ActiveCfg = Release|Any CPU
		{FCF40C1C-DEDF-4FAA-84AA-53D5DD06516F}.Release|Any CPU.Build.0 = Release|Any CPU
		{FCF40C1C-DEDF-4FAA-84AA-53D5DD06516F}.Release|ARM.ActiveCfg = Release|Any CPU
		{FCF40C1C-DEDF-4FAA-84AA-53D5DD06516F}.Release|ARM.Build.0 = Release|Any CPU
		{FCF40C1C-DEDF-4FAA-84AA-53D5DD06516F}.Release|ARM64.ActiveCfg = Release|Any CPU
		{FCF40C1C-DEDF-4FAA-84AA-53D5DD06516F}.Release|ARM64.Build.0 = Release|Any CPU
		{FCF40C1C-DEDF-4FAA-84AA-53D5DD06516F}.Release|iPhone.ActiveCfg = Release|Any CPU
		{FCF40C1C-DEDF-4FAA-84AA-53D5DD06516F}.Release|iPhone.Build.0 = Release|Any CPU
		{FCF40C1C-DEDF-4FAA-84AA-53D5DD06516F}.Release|iPhoneSimulator.ActiveCfg = Release|Any CPU
		{FCF40C1C-DEDF-4FAA-84AA-53D5DD06516F}.Release|iPhoneSimulator.Build.0 = Release|Any CPU
		{FCF40C1C-DEDF-4FAA-84AA-53D5DD06516F}.Release|x64.ActiveCfg = Release|Any CPU
		{FCF40C1C-DEDF-4FAA-84AA-53D5DD06516F}.Release|x64.Build.0 = Release|Any CPU
		{FCF40C1C-DEDF-4FAA-84AA-53D5DD06516F}.Release|x86.ActiveCfg = Release|Any CPU
		{FCF40C1C-DEDF-4FAA-84AA-53D5DD06516F}.Release|x86.Build.0 = Release|Any CPU
		{67455B39-2CAD-44AE-85DC-CAAB7DB4F29F}.Ad-Hoc|Any CPU.ActiveCfg = Debug|Any CPU
		{67455B39-2CAD-44AE-85DC-CAAB7DB4F29F}.Ad-Hoc|Any CPU.Build.0 = Debug|Any CPU
		{67455B39-2CAD-44AE-85DC-CAAB7DB4F29F}.Ad-Hoc|ARM.ActiveCfg = Debug|Any CPU
		{67455B39-2CAD-44AE-85DC-CAAB7DB4F29F}.Ad-Hoc|ARM.Build.0 = Debug|Any CPU
		{67455B39-2CAD-44AE-85DC-CAAB7DB4F29F}.Ad-Hoc|ARM64.ActiveCfg = Debug|Any CPU
		{67455B39-2CAD-44AE-85DC-CAAB7DB4F29F}.Ad-Hoc|ARM64.Build.0 = Debug|Any CPU
		{67455B39-2CAD-44AE-85DC-CAAB7DB4F29F}.Ad-Hoc|iPhone.ActiveCfg = Debug|Any CPU
		{67455B39-2CAD-44AE-85DC-CAAB7DB4F29F}.Ad-Hoc|iPhone.Build.0 = Debug|Any CPU
		{67455B39-2CAD-44AE-85DC-CAAB7DB4F29F}.Ad-Hoc|iPhoneSimulator.ActiveCfg = Debug|Any CPU
		{67455B39-2CAD-44AE-85DC-CAAB7DB4F29F}.Ad-Hoc|iPhoneSimulator.Build.0 = Debug|Any CPU
		{67455B39-2CAD-44AE-85DC-CAAB7DB4F29F}.Ad-Hoc|x64.ActiveCfg = Debug|Any CPU
		{67455B39-2CAD-44AE-85DC-CAAB7DB4F29F}.Ad-Hoc|x64.Build.0 = Debug|Any CPU
		{67455B39-2CAD-44AE-85DC-CAAB7DB4F29F}.Ad-Hoc|x86.ActiveCfg = Debug|Any CPU
		{67455B39-2CAD-44AE-85DC-CAAB7DB4F29F}.Ad-Hoc|x86.Build.0 = Debug|Any CPU
		{67455B39-2CAD-44AE-85DC-CAAB7DB4F29F}.AppStore|Any CPU.ActiveCfg = Debug|Any CPU
		{67455B39-2CAD-44AE-85DC-CAAB7DB4F29F}.AppStore|Any CPU.Build.0 = Debug|Any CPU
		{67455B39-2CAD-44AE-85DC-CAAB7DB4F29F}.AppStore|ARM.ActiveCfg = Debug|Any CPU
		{67455B39-2CAD-44AE-85DC-CAAB7DB4F29F}.AppStore|ARM.Build.0 = Debug|Any CPU
		{67455B39-2CAD-44AE-85DC-CAAB7DB4F29F}.AppStore|ARM64.ActiveCfg = Debug|Any CPU
		{67455B39-2CAD-44AE-85DC-CAAB7DB4F29F}.AppStore|ARM64.Build.0 = Debug|Any CPU
		{67455B39-2CAD-44AE-85DC-CAAB7DB4F29F}.AppStore|iPhone.ActiveCfg = Debug|Any CPU
		{67455B39-2CAD-44AE-85DC-CAAB7DB4F29F}.AppStore|iPhone.Build.0 = Debug|Any CPU
		{67455B39-2CAD-44AE-85DC-CAAB7DB4F29F}.AppStore|iPhoneSimulator.ActiveCfg = Debug|Any CPU
		{67455B39-2CAD-44AE-85DC-CAAB7DB4F29F}.AppStore|iPhoneSimulator.Build.0 = Debug|Any CPU
		{67455B39-2CAD-44AE-85DC-CAAB7DB4F29F}.AppStore|x64.ActiveCfg = Debug|Any CPU
		{67455B39-2CAD-44AE-85DC-CAAB7DB4F29F}.AppStore|x64.Build.0 = Debug|Any CPU
		{67455B39-2CAD-44AE-85DC-CAAB7DB4F29F}.AppStore|x86.ActiveCfg = Debug|Any CPU
		{67455B39-2CAD-44AE-85DC-CAAB7DB4F29F}.AppStore|x86.Build.0 = Debug|Any CPU
		{67455B39-2CAD-44AE-85DC-CAAB7DB4F29F}.Debug|Any CPU.ActiveCfg = Debug|Any CPU
		{67455B39-2CAD-44AE-85DC-CAAB7DB4F29F}.Debug|Any CPU.Build.0 = Debug|Any CPU
		{67455B39-2CAD-44AE-85DC-CAAB7DB4F29F}.Debug|ARM.ActiveCfg = Debug|Any CPU
		{67455B39-2CAD-44AE-85DC-CAAB7DB4F29F}.Debug|ARM.Build.0 = Debug|Any CPU
		{67455B39-2CAD-44AE-85DC-CAAB7DB4F29F}.Debug|ARM64.ActiveCfg = Debug|Any CPU
		{67455B39-2CAD-44AE-85DC-CAAB7DB4F29F}.Debug|ARM64.Build.0 = Debug|Any CPU
		{67455B39-2CAD-44AE-85DC-CAAB7DB4F29F}.Debug|iPhone.ActiveCfg = Debug|Any CPU
		{67455B39-2CAD-44AE-85DC-CAAB7DB4F29F}.Debug|iPhone.Build.0 = Debug|Any CPU
		{67455B39-2CAD-44AE-85DC-CAAB7DB4F29F}.Debug|iPhoneSimulator.ActiveCfg = Debug|Any CPU
		{67455B39-2CAD-44AE-85DC-CAAB7DB4F29F}.Debug|iPhoneSimulator.Build.0 = Debug|Any CPU
		{67455B39-2CAD-44AE-85DC-CAAB7DB4F29F}.Debug|x64.ActiveCfg = Debug|Any CPU
		{67455B39-2CAD-44AE-85DC-CAAB7DB4F29F}.Debug|x64.Build.0 = Debug|Any CPU
		{67455B39-2CAD-44AE-85DC-CAAB7DB4F29F}.Debug|x86.ActiveCfg = Debug|Any CPU
		{67455B39-2CAD-44AE-85DC-CAAB7DB4F29F}.Debug|x86.Build.0 = Debug|Any CPU
		{67455B39-2CAD-44AE-85DC-CAAB7DB4F29F}.Release|Any CPU.ActiveCfg = Release|Any CPU
		{67455B39-2CAD-44AE-85DC-CAAB7DB4F29F}.Release|Any CPU.Build.0 = Release|Any CPU
		{67455B39-2CAD-44AE-85DC-CAAB7DB4F29F}.Release|ARM.ActiveCfg = Release|Any CPU
		{67455B39-2CAD-44AE-85DC-CAAB7DB4F29F}.Release|ARM.Build.0 = Release|Any CPU
		{67455B39-2CAD-44AE-85DC-CAAB7DB4F29F}.Release|ARM64.ActiveCfg = Release|Any CPU
		{67455B39-2CAD-44AE-85DC-CAAB7DB4F29F}.Release|ARM64.Build.0 = Release|Any CPU
		{67455B39-2CAD-44AE-85DC-CAAB7DB4F29F}.Release|iPhone.ActiveCfg = Release|Any CPU
		{67455B39-2CAD-44AE-85DC-CAAB7DB4F29F}.Release|iPhone.Build.0 = Release|Any CPU
		{67455B39-2CAD-44AE-85DC-CAAB7DB4F29F}.Release|iPhoneSimulator.ActiveCfg = Release|Any CPU
		{67455B39-2CAD-44AE-85DC-CAAB7DB4F29F}.Release|iPhoneSimulator.Build.0 = Release|Any CPU
		{67455B39-2CAD-44AE-85DC-CAAB7DB4F29F}.Release|x64.ActiveCfg = Release|Any CPU
		{67455B39-2CAD-44AE-85DC-CAAB7DB4F29F}.Release|x64.Build.0 = Release|Any CPU
		{67455B39-2CAD-44AE-85DC-CAAB7DB4F29F}.Release|x86.ActiveCfg = Release|Any CPU
		{67455B39-2CAD-44AE-85DC-CAAB7DB4F29F}.Release|x86.Build.0 = Release|Any CPU
		{4DF45BB1-230D-4FFC-9AF6-5086161B27D5}.Ad-Hoc|Any CPU.ActiveCfg = Debug|Any CPU
		{4DF45BB1-230D-4FFC-9AF6-5086161B27D5}.Ad-Hoc|Any CPU.Build.0 = Debug|Any CPU
		{4DF45BB1-230D-4FFC-9AF6-5086161B27D5}.Ad-Hoc|ARM.ActiveCfg = Debug|Any CPU
		{4DF45BB1-230D-4FFC-9AF6-5086161B27D5}.Ad-Hoc|ARM.Build.0 = Debug|Any CPU
		{4DF45BB1-230D-4FFC-9AF6-5086161B27D5}.Ad-Hoc|ARM64.ActiveCfg = Debug|Any CPU
		{4DF45BB1-230D-4FFC-9AF6-5086161B27D5}.Ad-Hoc|ARM64.Build.0 = Debug|Any CPU
		{4DF45BB1-230D-4FFC-9AF6-5086161B27D5}.Ad-Hoc|iPhone.ActiveCfg = Debug|Any CPU
		{4DF45BB1-230D-4FFC-9AF6-5086161B27D5}.Ad-Hoc|iPhone.Build.0 = Debug|Any CPU
		{4DF45BB1-230D-4FFC-9AF6-5086161B27D5}.Ad-Hoc|iPhoneSimulator.ActiveCfg = Debug|Any CPU
		{4DF45BB1-230D-4FFC-9AF6-5086161B27D5}.Ad-Hoc|iPhoneSimulator.Build.0 = Debug|Any CPU
		{4DF45BB1-230D-4FFC-9AF6-5086161B27D5}.Ad-Hoc|x64.ActiveCfg = Debug|Any CPU
		{4DF45BB1-230D-4FFC-9AF6-5086161B27D5}.Ad-Hoc|x64.Build.0 = Debug|Any CPU
		{4DF45BB1-230D-4FFC-9AF6-5086161B27D5}.Ad-Hoc|x86.ActiveCfg = Debug|Any CPU
		{4DF45BB1-230D-4FFC-9AF6-5086161B27D5}.Ad-Hoc|x86.Build.0 = Debug|Any CPU
		{4DF45BB1-230D-4FFC-9AF6-5086161B27D5}.AppStore|Any CPU.ActiveCfg = Debug|Any CPU
		{4DF45BB1-230D-4FFC-9AF6-5086161B27D5}.AppStore|Any CPU.Build.0 = Debug|Any CPU
		{4DF45BB1-230D-4FFC-9AF6-5086161B27D5}.AppStore|ARM.ActiveCfg = Debug|Any CPU
		{4DF45BB1-230D-4FFC-9AF6-5086161B27D5}.AppStore|ARM.Build.0 = Debug|Any CPU
		{4DF45BB1-230D-4FFC-9AF6-5086161B27D5}.AppStore|ARM64.ActiveCfg = Debug|Any CPU
		{4DF45BB1-230D-4FFC-9AF6-5086161B27D5}.AppStore|ARM64.Build.0 = Debug|Any CPU
		{4DF45BB1-230D-4FFC-9AF6-5086161B27D5}.AppStore|iPhone.ActiveCfg = Debug|Any CPU
		{4DF45BB1-230D-4FFC-9AF6-5086161B27D5}.AppStore|iPhone.Build.0 = Debug|Any CPU
		{4DF45BB1-230D-4FFC-9AF6-5086161B27D5}.AppStore|iPhoneSimulator.ActiveCfg = Debug|Any CPU
		{4DF45BB1-230D-4FFC-9AF6-5086161B27D5}.AppStore|iPhoneSimulator.Build.0 = Debug|Any CPU
		{4DF45BB1-230D-4FFC-9AF6-5086161B27D5}.AppStore|x64.ActiveCfg = Debug|Any CPU
		{4DF45BB1-230D-4FFC-9AF6-5086161B27D5}.AppStore|x64.Build.0 = Debug|Any CPU
		{4DF45BB1-230D-4FFC-9AF6-5086161B27D5}.AppStore|x86.ActiveCfg = Debug|Any CPU
		{4DF45BB1-230D-4FFC-9AF6-5086161B27D5}.AppStore|x86.Build.0 = Debug|Any CPU
		{4DF45BB1-230D-4FFC-9AF6-5086161B27D5}.Debug|Any CPU.ActiveCfg = Debug|Any CPU
		{4DF45BB1-230D-4FFC-9AF6-5086161B27D5}.Debug|Any CPU.Build.0 = Debug|Any CPU
		{4DF45BB1-230D-4FFC-9AF6-5086161B27D5}.Debug|ARM.ActiveCfg = Debug|Any CPU
		{4DF45BB1-230D-4FFC-9AF6-5086161B27D5}.Debug|ARM.Build.0 = Debug|Any CPU
		{4DF45BB1-230D-4FFC-9AF6-5086161B27D5}.Debug|ARM64.ActiveCfg = Debug|Any CPU
		{4DF45BB1-230D-4FFC-9AF6-5086161B27D5}.Debug|ARM64.Build.0 = Debug|Any CPU
		{4DF45BB1-230D-4FFC-9AF6-5086161B27D5}.Debug|iPhone.ActiveCfg = Debug|Any CPU
		{4DF45BB1-230D-4FFC-9AF6-5086161B27D5}.Debug|iPhone.Build.0 = Debug|Any CPU
		{4DF45BB1-230D-4FFC-9AF6-5086161B27D5}.Debug|iPhoneSimulator.ActiveCfg = Debug|Any CPU
		{4DF45BB1-230D-4FFC-9AF6-5086161B27D5}.Debug|iPhoneSimulator.Build.0 = Debug|Any CPU
		{4DF45BB1-230D-4FFC-9AF6-5086161B27D5}.Debug|x64.ActiveCfg = Debug|Any CPU
		{4DF45BB1-230D-4FFC-9AF6-5086161B27D5}.Debug|x64.Build.0 = Debug|Any CPU
		{4DF45BB1-230D-4FFC-9AF6-5086161B27D5}.Debug|x86.ActiveCfg = Debug|Any CPU
		{4DF45BB1-230D-4FFC-9AF6-5086161B27D5}.Debug|x86.Build.0 = Debug|Any CPU
		{4DF45BB1-230D-4FFC-9AF6-5086161B27D5}.Release|Any CPU.ActiveCfg = Release|Any CPU
		{4DF45BB1-230D-4FFC-9AF6-5086161B27D5}.Release|Any CPU.Build.0 = Release|Any CPU
		{4DF45BB1-230D-4FFC-9AF6-5086161B27D5}.Release|ARM.ActiveCfg = Release|Any CPU
		{4DF45BB1-230D-4FFC-9AF6-5086161B27D5}.Release|ARM.Build.0 = Release|Any CPU
		{4DF45BB1-230D-4FFC-9AF6-5086161B27D5}.Release|ARM64.ActiveCfg = Release|Any CPU
		{4DF45BB1-230D-4FFC-9AF6-5086161B27D5}.Release|ARM64.Build.0 = Release|Any CPU
		{4DF45BB1-230D-4FFC-9AF6-5086161B27D5}.Release|iPhone.ActiveCfg = Release|Any CPU
		{4DF45BB1-230D-4FFC-9AF6-5086161B27D5}.Release|iPhone.Build.0 = Release|Any CPU
		{4DF45BB1-230D-4FFC-9AF6-5086161B27D5}.Release|iPhoneSimulator.ActiveCfg = Release|Any CPU
		{4DF45BB1-230D-4FFC-9AF6-5086161B27D5}.Release|iPhoneSimulator.Build.0 = Release|Any CPU
		{4DF45BB1-230D-4FFC-9AF6-5086161B27D5}.Release|x64.ActiveCfg = Release|Any CPU
		{4DF45BB1-230D-4FFC-9AF6-5086161B27D5}.Release|x64.Build.0 = Release|Any CPU
		{4DF45BB1-230D-4FFC-9AF6-5086161B27D5}.Release|x86.ActiveCfg = Release|Any CPU
		{4DF45BB1-230D-4FFC-9AF6-5086161B27D5}.Release|x86.Build.0 = Release|Any CPU
		{7D0F32E5-595A-42C6-89F4-B51BAE6EF9C8}.Ad-Hoc|Any CPU.ActiveCfg = Debug|Any CPU
		{7D0F32E5-595A-42C6-89F4-B51BAE6EF9C8}.Ad-Hoc|Any CPU.Build.0 = Debug|Any CPU
		{7D0F32E5-595A-42C6-89F4-B51BAE6EF9C8}.Ad-Hoc|ARM.ActiveCfg = Debug|Any CPU
		{7D0F32E5-595A-42C6-89F4-B51BAE6EF9C8}.Ad-Hoc|ARM.Build.0 = Debug|Any CPU
		{7D0F32E5-595A-42C6-89F4-B51BAE6EF9C8}.Ad-Hoc|ARM64.ActiveCfg = Debug|Any CPU
		{7D0F32E5-595A-42C6-89F4-B51BAE6EF9C8}.Ad-Hoc|ARM64.Build.0 = Debug|Any CPU
		{7D0F32E5-595A-42C6-89F4-B51BAE6EF9C8}.Ad-Hoc|iPhone.ActiveCfg = Debug|Any CPU
		{7D0F32E5-595A-42C6-89F4-B51BAE6EF9C8}.Ad-Hoc|iPhone.Build.0 = Debug|Any CPU
		{7D0F32E5-595A-42C6-89F4-B51BAE6EF9C8}.Ad-Hoc|iPhoneSimulator.ActiveCfg = Debug|Any CPU
		{7D0F32E5-595A-42C6-89F4-B51BAE6EF9C8}.Ad-Hoc|iPhoneSimulator.Build.0 = Debug|Any CPU
		{7D0F32E5-595A-42C6-89F4-B51BAE6EF9C8}.Ad-Hoc|x64.ActiveCfg = Debug|Any CPU
		{7D0F32E5-595A-42C6-89F4-B51BAE6EF9C8}.Ad-Hoc|x64.Build.0 = Debug|Any CPU
		{7D0F32E5-595A-42C6-89F4-B51BAE6EF9C8}.Ad-Hoc|x86.ActiveCfg = Debug|Any CPU
		{7D0F32E5-595A-42C6-89F4-B51BAE6EF9C8}.Ad-Hoc|x86.Build.0 = Debug|Any CPU
		{7D0F32E5-595A-42C6-89F4-B51BAE6EF9C8}.AppStore|Any CPU.ActiveCfg = Debug|Any CPU
		{7D0F32E5-595A-42C6-89F4-B51BAE6EF9C8}.AppStore|Any CPU.Build.0 = Debug|Any CPU
		{7D0F32E5-595A-42C6-89F4-B51BAE6EF9C8}.AppStore|ARM.ActiveCfg = Debug|Any CPU
		{7D0F32E5-595A-42C6-89F4-B51BAE6EF9C8}.AppStore|ARM.Build.0 = Debug|Any CPU
		{7D0F32E5-595A-42C6-89F4-B51BAE6EF9C8}.AppStore|ARM64.ActiveCfg = Debug|Any CPU
		{7D0F32E5-595A-42C6-89F4-B51BAE6EF9C8}.AppStore|ARM64.Build.0 = Debug|Any CPU
		{7D0F32E5-595A-42C6-89F4-B51BAE6EF9C8}.AppStore|iPhone.ActiveCfg = Debug|Any CPU
		{7D0F32E5-595A-42C6-89F4-B51BAE6EF9C8}.AppStore|iPhone.Build.0 = Debug|Any CPU
		{7D0F32E5-595A-42C6-89F4-B51BAE6EF9C8}.AppStore|iPhoneSimulator.ActiveCfg = Debug|Any CPU
		{7D0F32E5-595A-42C6-89F4-B51BAE6EF9C8}.AppStore|iPhoneSimulator.Build.0 = Debug|Any CPU
		{7D0F32E5-595A-42C6-89F4-B51BAE6EF9C8}.AppStore|x64.ActiveCfg = Debug|Any CPU
		{7D0F32E5-595A-42C6-89F4-B51BAE6EF9C8}.AppStore|x64.Build.0 = Debug|Any CPU
		{7D0F32E5-595A-42C6-89F4-B51BAE6EF9C8}.AppStore|x86.ActiveCfg = Debug|Any CPU
		{7D0F32E5-595A-42C6-89F4-B51BAE6EF9C8}.AppStore|x86.Build.0 = Debug|Any CPU
		{7D0F32E5-595A-42C6-89F4-B51BAE6EF9C8}.Debug|Any CPU.ActiveCfg = Debug|Any CPU
		{7D0F32E5-595A-42C6-89F4-B51BAE6EF9C8}.Debug|Any CPU.Build.0 = Debug|Any CPU
		{7D0F32E5-595A-42C6-89F4-B51BAE6EF9C8}.Debug|ARM.ActiveCfg = Debug|Any CPU
		{7D0F32E5-595A-42C6-89F4-B51BAE6EF9C8}.Debug|ARM.Build.0 = Debug|Any CPU
		{7D0F32E5-595A-42C6-89F4-B51BAE6EF9C8}.Debug|ARM64.ActiveCfg = Debug|Any CPU
		{7D0F32E5-595A-42C6-89F4-B51BAE6EF9C8}.Debug|ARM64.Build.0 = Debug|Any CPU
		{7D0F32E5-595A-42C6-89F4-B51BAE6EF9C8}.Debug|iPhone.ActiveCfg = Debug|Any CPU
		{7D0F32E5-595A-42C6-89F4-B51BAE6EF9C8}.Debug|iPhone.Build.0 = Debug|Any CPU
		{7D0F32E5-595A-42C6-89F4-B51BAE6EF9C8}.Debug|iPhoneSimulator.ActiveCfg = Debug|Any CPU
		{7D0F32E5-595A-42C6-89F4-B51BAE6EF9C8}.Debug|iPhoneSimulator.Build.0 = Debug|Any CPU
		{7D0F32E5-595A-42C6-89F4-B51BAE6EF9C8}.Debug|x64.ActiveCfg = Debug|Any CPU
		{7D0F32E5-595A-42C6-89F4-B51BAE6EF9C8}.Debug|x64.Build.0 = Debug|Any CPU
		{7D0F32E5-595A-42C6-89F4-B51BAE6EF9C8}.Debug|x86.ActiveCfg = Debug|Any CPU
		{7D0F32E5-595A-42C6-89F4-B51BAE6EF9C8}.Debug|x86.Build.0 = Debug|Any CPU
		{7D0F32E5-595A-42C6-89F4-B51BAE6EF9C8}.Release|Any CPU.ActiveCfg = Release|Any CPU
		{7D0F32E5-595A-42C6-89F4-B51BAE6EF9C8}.Release|Any CPU.Build.0 = Release|Any CPU
		{7D0F32E5-595A-42C6-89F4-B51BAE6EF9C8}.Release|ARM.ActiveCfg = Release|Any CPU
		{7D0F32E5-595A-42C6-89F4-B51BAE6EF9C8}.Release|ARM.Build.0 = Release|Any CPU
		{7D0F32E5-595A-42C6-89F4-B51BAE6EF9C8}.Release|ARM64.ActiveCfg = Release|Any CPU
		{7D0F32E5-595A-42C6-89F4-B51BAE6EF9C8}.Release|ARM64.Build.0 = Release|Any CPU
		{7D0F32E5-595A-42C6-89F4-B51BAE6EF9C8}.Release|iPhone.ActiveCfg = Release|Any CPU
		{7D0F32E5-595A-42C6-89F4-B51BAE6EF9C8}.Release|iPhone.Build.0 = Release|Any CPU
		{7D0F32E5-595A-42C6-89F4-B51BAE6EF9C8}.Release|iPhoneSimulator.ActiveCfg = Release|Any CPU
		{7D0F32E5-595A-42C6-89F4-B51BAE6EF9C8}.Release|iPhoneSimulator.Build.0 = Release|Any CPU
		{7D0F32E5-595A-42C6-89F4-B51BAE6EF9C8}.Release|x64.ActiveCfg = Release|Any CPU
		{7D0F32E5-595A-42C6-89F4-B51BAE6EF9C8}.Release|x64.Build.0 = Release|Any CPU
		{7D0F32E5-595A-42C6-89F4-B51BAE6EF9C8}.Release|x86.ActiveCfg = Release|Any CPU
		{7D0F32E5-595A-42C6-89F4-B51BAE6EF9C8}.Release|x86.Build.0 = Release|Any CPU
	EndGlobalSection
	GlobalSection(SolutionProperties) = preSolution
		HideSolutionNode = FALSE
	EndGlobalSection
	GlobalSection(NestedProjects) = preSolution
		{0ECC5FD7-ECF5-4410-AE85-88758F677FD7} = {4E3A40EB-5147-4896-A9F9-1A9F18E99FDA}
		{316BF6A7-FA21-4402-8210-3536143D47B8} = {4E3A40EB-5147-4896-A9F9-1A9F18E99FDA}
		{C7B68565-7B71-4EC1-A5C3-B3E75DEF8362} = {4E3A40EB-5147-4896-A9F9-1A9F18E99FDA}
		{FE070529-9156-40D0-95EE-BA7A6A818E18} = {4E3A40EB-5147-4896-A9F9-1A9F18E99FDA}
		{E430002C-56DA-467F-AF2F-D2D8C09D800C} = {4E3A40EB-5147-4896-A9F9-1A9F18E99FDA}
		{A6750083-952C-491C-A904-B6B5994DF36E} = {4E3A40EB-5147-4896-A9F9-1A9F18E99FDA}
		{FCF40C1C-DEDF-4FAA-84AA-53D5DD06516F} = {4E3A40EB-5147-4896-A9F9-1A9F18E99FDA}
		{67455B39-2CAD-44AE-85DC-CAAB7DB4F29F} = {4E3A40EB-5147-4896-A9F9-1A9F18E99FDA}
		{4DF45BB1-230D-4FFC-9AF6-5086161B27D5} = {4E3A40EB-5147-4896-A9F9-1A9F18E99FDA}
	EndGlobalSection
	GlobalSection(ExtensibilityGlobals) = postSolution
		SolutionGuid = {12B2CE2D-655A-43EE-9C25-6B9D3382DF48}
	EndGlobalSection
EndGlobal
